
Microsoft Visual Studio Solution File, Format Version 12.00
# Visual Studio 15
Project("{FAE04EC0-301F-11D3-BF4B-00C04F79EFBC}") = "lasVacas", "lasVacas\lasVacas.csproj", "{1DC8C317-F8AD-4295-9A47-9D40F72C6DF8}"
EndProject
Global
	GlobalSection(SolutionConfigurationPlatforms) = preSolution
		Debug|x86 = Debug|x86
		Release|x86 = Release|x86
	EndGlobalSection
	GlobalSection(ProjectConfigurationPlatforms) = postSolution
		{1DC8C317-F8AD-4295-9A47-9D40F72C6DF8}.Debug|x86.ActiveCfg = Debug|x86
		{1DC8C317-F8AD-4295-9A47-9D40F72C6DF8}.Debug|x86.Build.0 = Debug|x86
		{1DC8C317-F8AD-4295-9A47-9D40F72C6DF8}.Release|x86.ActiveCfg = Release|x86
		{1DC8C317-F8AD-4295-9A47-9D40F72C6DF8}.Release|x86.Build.0 = Release|x86
	EndGlobalSection
EndGlobal
